
Microsoft Visual Studio Solution File, Format Version 12.00
# Visual Studio Version 17
VisualStudioVersion = 17.1.32421.90
MinimumVisualStudioVersion = 10.0.40219.1
Project("{FAE04EC0-301F-11D3-BF4B-00C04F79EFBC}") = "TestReact", "TestReact\TestReact.csproj", "{99D04082-4A66-421E-B34E-2E2DA2B9A1D2}"
EndProject
Global
	GlobalSection(SolutionConfigurationPlatforms) = preSolution
		Debug|Any CPU = Debug|Any CPU
		Release|Any CPU = Release|Any CPU
	EndGlobalSection
	GlobalSection(ProjectConfigurationPlatforms) = postSolution
		{99D04082-4A66-421E-B34E-2E2DA2B9A1D2}.Debug|Any CPU.ActiveCfg = Debug|Any CPU
		{99D04082-4A66-421E-B34E-2E2DA2B9A1D2}.Debug|Any CPU.Build.0 = Debug|Any CPU
		{99D04082-4A66-421E-B34E-2E2DA2B9A1D2}.Release|Any CPU.ActiveCfg = Release|Any CPU
		{99D04082-4A66-421E-B34E-2E2DA2B9A1D2}.Release|Any CPU.Build.0 = Release|Any CPU
	EndGlobalSection
	GlobalSection(SolutionProperties) = preSolution
		HideSolutionNode = FALSE
	EndGlobalSection
	GlobalSection(ExtensibilityGlobals) = postSolution
		SolutionGuid = {7B68874F-FA33-43C9-B0DA-B7435444E334}
	EndGlobalSection
EndGlobal
